// !$*UTF8*$!
{
	archiveVersion = 1;
	classes = {
	};
	objectVersion = 55;
	objects = {

/* Begin PBXBuildFile section */
		0492DEE92823058E00AA24BB /* OneResourceViewController.swift in Sources */ = {isa = PBXBuildFile; fileRef = 0492DEE82823058E00AA24BB /* OneResourceViewController.swift */; };
		0492DEEB282305C400AA24BB /* Resources.swift in Sources */ = {isa = PBXBuildFile; fileRef = 0492DEEA282305C400AA24BB /* Resources.swift */; };
		049910F6280794640050FABB /* AppDelegate.swift in Sources */ = {isa = PBXBuildFile; fileRef = 049910F5280794640050FABB /* AppDelegate.swift */; };
		049910F8280794640050FABB /* SceneDelegate.swift in Sources */ = {isa = PBXBuildFile; fileRef = 049910F7280794640050FABB /* SceneDelegate.swift */; };
		049910FA280794640050FABB /* ViewController.swift in Sources */ = {isa = PBXBuildFile; fileRef = 049910F9280794640050FABB /* ViewController.swift */; };
		049910FD280794640050FABB /* Main.storyboard in Resources */ = {isa = PBXBuildFile; fileRef = 049910FB280794640050FABB /* Main.storyboard */; };
		049910FF280794650050FABB /* Assets.xcassets in Resources */ = {isa = PBXBuildFile; fileRef = 049910FE280794650050FABB /* Assets.xcassets */; };
		04991102280794650050FABB /* LaunchScreen.storyboard in Resources */ = {isa = PBXBuildFile; fileRef = 04991100280794650050FABB /* LaunchScreen.storyboard */; };
		0499110A280794F10050FABB /* LogInViewController.swift in Sources */ = {isa = PBXBuildFile; fileRef = 04991109280794F10050FABB /* LogInViewController.swift */; };
		0499110C280798ED0050FABB /* SignUpViewController.swift in Sources */ = {isa = PBXBuildFile; fileRef = 0499110B280798ED0050FABB /* SignUpViewController.swift */; };
		0499110E28079ACB0050FABB /* WeatherViewController.swift in Sources */ = {isa = PBXBuildFile; fileRef = 0499110D28079ACB0050FABB /* WeatherViewController.swift */; };
		0499111028079B1E0050FABB /* ResourcesViewController.swift in Sources */ = {isa = PBXBuildFile; fileRef = 0499110F28079B1E0050FABB /* ResourcesViewController.swift */; };
		0499111228079B420050FABB /* LeaderViewController.swift in Sources */ = {isa = PBXBuildFile; fileRef = 0499111128079B420050FABB /* LeaderViewController.swift */; };
		0499111428079B770050FABB /* HomeViewController.swift in Sources */ = {isa = PBXBuildFile; fileRef = 0499111328079B770050FABB /* HomeViewController.swift */; };
		0499111628079B980050FABB /* MapsViewController.swift in Sources */ = {isa = PBXBuildFile; fileRef = 0499111528079B980050FABB /* MapsViewController.swift */; };
		04991118280CC6370050FABB /* APIService.swift in Sources */ = {isa = PBXBuildFile; fileRef = 04991117280CC6370050FABB /* APIService.swift */; };
/* End PBXBuildFile section */

/* Begin PBXFileReference section */
		0492DEE82823058E00AA24BB /* OneResourceViewController.swift */ = {isa = PBXFileReference; lastKnownFileType = sourcecode.swift; path = OneResourceViewController.swift; sourceTree = "<group>"; };
		0492DEEA282305C400AA24BB /* Resources.swift */ = {isa = PBXFileReference; lastKnownFileType = sourcecode.swift; path = Resources.swift; sourceTree = "<group>"; };
		049910F2280794640050FABB /* FinalProject.app */ = {isa = PBXFileReference; explicitFileType = wrapper.application; includeInIndex = 0; path = FinalProject.app; sourceTree = BUILT_PRODUCTS_DIR; };
		049910F5280794640050FABB /* AppDelegate.swift */ = {isa = PBXFileReference; lastKnownFileType = sourcecode.swift; path = AppDelegate.swift; sourceTree = "<group>"; };
		049910F7280794640050FABB /* SceneDelegate.swift */ = {isa = PBXFileReference; lastKnownFileType = sourcecode.swift; path = SceneDelegate.swift; sourceTree = "<group>"; };
		049910F9280794640050FABB /* ViewController.swift */ = {isa = PBXFileReference; lastKnownFileType = sourcecode.swift; path = ViewController.swift; sourceTree = "<group>"; };
		049910FC280794640050FABB /* Base */ = {isa = PBXFileReference; lastKnownFileType = file.storyboard; name = Base; path = Base.lproj/Main.storyboard; sourceTree = "<group>"; };
		049910FE280794650050FABB /* Assets.xcassets */ = {isa = PBXFileReference; lastKnownFileType = folder.assetcatalog; path = Assets.xcassets; sourceTree = "<group>"; };
		04991101280794650050FABB /* Base */ = {isa = PBXFileReference; lastKnownFileType = file.storyboard; name = Base; path = Base.lproj/LaunchScreen.storyboard; sourceTree = "<group>"; };
		04991103280794650050FABB /* Info.plist */ = {isa = PBXFileReference; lastKnownFileType = text.plist.xml; path = Info.plist; sourceTree = "<group>"; };
		04991109280794F10050FABB /* LogInViewController.swift */ = {isa = PBXFileReference; lastKnownFileType = sourcecode.swift; path = LogInViewController.swift; sourceTree = "<group>"; };
		0499110B280798ED0050FABB /* SignUpViewController.swift */ = {isa = PBXFileReference; lastKnownFileType = sourcecode.swift; path = SignUpViewController.swift; sourceTree = "<group>"; };
		0499110D28079ACB0050FABB /* WeatherViewController.swift */ = {isa = PBXFileReference; lastKnownFileType = sourcecode.swift; path = WeatherViewController.swift; sourceTree = "<group>"; };
		0499110F28079B1E0050FABB /* ResourcesViewController.swift */ = {isa = PBXFileReference; lastKnownFileType = sourcecode.swift; path = ResourcesViewController.swift; sourceTree = "<group>"; };
		0499111128079B420050FABB /* LeaderViewController.swift */ = {isa = PBXFileReference; lastKnownFileType = sourcecode.swift; path = LeaderViewController.swift; sourceTree = "<group>"; };
		0499111328079B770050FABB /* HomeViewController.swift */ = {isa = PBXFileReference; lastKnownFileType = sourcecode.swift; path = HomeViewController.swift; sourceTree = "<group>"; };
		0499111528079B980050FABB /* MapsViewController.swift */ = {isa = PBXFileReference; lastKnownFileType = sourcecode.swift; path = MapsViewController.swift; sourceTree = "<group>"; };
		04991117280CC6370050FABB /* APIService.swift */ = {isa = PBXFileReference; lastKnownFileType = sourcecode.swift; path = APIService.swift; sourceTree = "<group>"; };
/* End PBXFileReference section */

/* Begin PBXFrameworksBuildPhase section */
		049910EF280794640050FABB /* Frameworks */ = {
			isa = PBXFrameworksBuildPhase;
			buildActionMask = 2147483647;
			files = (
			);
			runOnlyForDeploymentPostprocessing = 0;
		};
/* End PBXFrameworksBuildPhase section */

/* Begin PBXGroup section */
		049910E9280794640050FABB = {
			isa = PBXGroup;
			children = (
				049910F4280794640050FABB /* FinalProject */,
				049910F3280794640050FABB /* Products */,
			);
			sourceTree = "<group>";
		};
		049910F3280794640050FABB /* Products */ = {
			isa = PBXGroup;
			children = (
				049910F2280794640050FABB /* FinalProject.app */,
			);
			name = Products;
			sourceTree = "<group>";
		};
		049910F4280794640050FABB /* FinalProject */ = {
			isa = PBXGroup;
			children = (
				049910F5280794640050FABB /* AppDelegate.swift */,
				049910F7280794640050FABB /* SceneDelegate.swift */,
				049910F9280794640050FABB /* ViewController.swift */,
				049910FB280794640050FABB /* Main.storyboard */,
				0499111528079B980050FABB /* MapsViewController.swift */,
				0499111328079B770050FABB /* HomeViewController.swift */,
				0499111128079B420050FABB /* LeaderViewController.swift */,
				0499110F28079B1E0050FABB /* ResourcesViewController.swift */,
				0492DEE82823058E00AA24BB /* OneResourceViewController.swift */,
				0492DEEA282305C400AA24BB /* Resources.swift */,
				0499110D28079ACB0050FABB /* WeatherViewController.swift */,
				04991117280CC6370050FABB /* APIService.swift */,
				0499110B280798ED0050FABB /* SignUpViewController.swift */,
				04991109280794F10050FABB /* LogInViewController.swift */,
				049910FE280794650050FABB /* Assets.xcassets */,
				04991100280794650050FABB /* LaunchScreen.storyboard */,
				04991103280794650050FABB /* Info.plist */,
			);
			path = FinalProject;
			sourceTree = "<group>";
		};
/* End PBXGroup section */

/* Begin PBXNativeTarget section */
		049910F1280794640050FABB /* FinalProject */ = {
			isa = PBXNativeTarget;
			buildConfigurationList = 04991106280794650050FABB /* Build configuration list for PBXNativeTarget "FinalProject" */;
			buildPhases = (
				049910EE280794640050FABB /* Sources */,
				049910EF280794640050FABB /* Frameworks */,
				049910F0280794640050FABB /* Resources */,
			);
			buildRules = (
			);
			dependencies = (
			);
			name = FinalProject;
			productName = FinalProject;
			productReference = 049910F2280794640050FABB /* FinalProject.app */;
			productType = "com.apple.product-type.application";
		};
/* End PBXNativeTarget section */

/* Begin PBXProject section */
		049910EA280794640050FABB /* Project object */ = {
			isa = PBXProject;
			attributes = {
				BuildIndependentTargetsInParallel = 1;
				LastSwiftUpdateCheck = 1320;
				LastUpgradeCheck = 1320;
				TargetAttributes = {
					049910F1280794640050FABB = {
						CreatedOnToolsVersion = 13.2.1;
					};
				};
			};
			buildConfigurationList = 049910ED280794640050FABB /* Build configuration list for PBXProject "FinalProject" */;
			compatibilityVersion = "Xcode 13.0";
			developmentRegion = en;
			hasScannedForEncodings = 0;
			knownRegions = (
				en,
				Base,
			);
			mainGroup = 049910E9280794640050FABB;
			productRefGroup = 049910F3280794640050FABB /* Products */;
			projectDirPath = "";
			projectRoot = "";
			targets = (
				049910F1280794640050FABB /* FinalProject */,
			);
		};
/* End PBXProject section */

/* Begin PBXResourcesBuildPhase section */
		049910F0280794640050FABB /* Resources */ = {
			isa = PBXResourcesBuildPhase;
			buildActionMask = 2147483647;
			files = (
				04991102280794650050FABB /* LaunchScreen.storyboard in Resources */,
				049910FF280794650050FABB /* Assets.xcassets in Resources */,
				049910FD280794640050FABB /* Main.storyboard in Resources */,
			);
			runOnlyForDeploymentPostprocessing = 0;
		};
/* End PBXResourcesBuildPhase section */

/* Begin PBXSourcesBuildPhase section */
		049910EE280794640050FABB /* Sources */ = {
			isa = PBXSourcesBuildPhase;
			buildActionMask = 2147483647;
			files = (
				0499110A280794F10050FABB /* LogInViewController.swift in Sources */,
				0499111228079B420050FABB /* LeaderViewController.swift in Sources */,
				0499110E28079ACB0050FABB /* WeatherViewController.swift in Sources */,
				049910FA280794640050FABB /* ViewController.swift in Sources */,
				04991118280CC6370050FABB /* APIService.swift in Sources */,
				0499111028079B1E0050FABB /* ResourcesViewController.swift in Sources */,
				0499111628079B980050FABB /* MapsViewController.swift in Sources */,
				0492DEE92823058E00AA24BB /* OneResourceViewController.swift in Sources */,
				0499111428079B770050FABB /* HomeViewController.swift in Sources */,
				049910F6280794640050FABB /* AppDelegate.swift in Sources */,
				049910F8280794640050FABB /* SceneDelegate.swift in Sources */,
				0499110C280798ED0050FABB /* SignUpViewController.swift in Sources */,
				0492DEEB282305C400AA24BB /* Resources.swift in Sources */,
			);
			runOnlyForDeploymentPostprocessing = 0;
		};
/* End PBXSourcesBuildPhase section */

/* Begin PBXVariantGroup section */
		049910FB280794640050FABB /* Main.storyboard */ = {
			isa = PBXVariantGroup;
			children = (
				049910FC280794640050FABB /* Base */,
			);
			name = Main.storyboard;
			sourceTree = "<group>";
		};
		04991100280794650050FABB /* LaunchScreen.storyboard */ = {
			isa = PBXVariantGroup;
			children = (
				04991101280794650050FABB /* Base */,
			);
			name = LaunchScreen.storyboard;
			sourceTree = "<group>";
		};
/* End PBXVariantGroup section */

/* Begin XCBuildConfiguration section */
		04991104280794650050FABB /* Debug */ = {
			isa = XCBuildConfiguration;
			buildSettings = {
				ALWAYS_SEARCH_USER_PATHS = NO;
				CLANG_ANALYZER_NONNULL = YES;
				CLANG_ANALYZER_NUMBER_OBJECT_CONVERSION = YES_AGGRESSIVE;
				CLANG_CXX_LANGUAGE_STANDARD = "gnu++17";
				CLANG_CXX_LIBRARY = "libc++";
				CLANG_ENABLE_MODULES = YES;
				CLANG_ENABLE_OBJC_ARC = YES;
				CLANG_ENABLE_OBJC_WEAK = YES;
				CLANG_WARN_BLOCK_CAPTURE_AUTORELEASING = YES;
				CLANG_WARN_BOOL_CONVERSION = YES;
				CLANG_WARN_COMMA = YES;
				CLANG_WARN_CONSTANT_CONVERSION = YES;
				CLANG_WARN_DEPRECATED_OBJC_IMPLEMENTATIONS = YES;
				CLANG_WARN_DIRECT_OBJC_ISA_USAGE = YES_ERROR;
				CLANG_WARN_DOCUMENTATION_COMMENTS = YES;
				CLANG_WARN_EMPTY_BODY = YES;
				CLANG_WARN_ENUM_CONVERSION = YES;
				CLANG_WARN_INFINITE_RECURSION = YES;
				CLANG_WARN_INT_CONVERSION = YES;
				CLANG_WARN_NON_LITERAL_NULL_CONVERSION = YES;
				CLANG_WARN_OBJC_IMPLICIT_RETAIN_SELF = YES;
				CLANG_WARN_OBJC_LITERAL_CONVERSION = YES;
				CLANG_WARN_OBJC_ROOT_CLASS = YES_ERROR;
				CLANG_WARN_QUOTED_INCLUDE_IN_FRAMEWORK_HEADER = YES;
				CLANG_WARN_RANGE_LOOP_ANALYSIS = YES;
				CLANG_WARN_STRICT_PROTOTYPES = YES;
				CLANG_WARN_SUSPICIOUS_MOVE = YES;
				CLANG_WARN_UNGUARDED_AVAILABILITY = YES_AGGRESSIVE;
				CLANG_WARN_UNREACHABLE_CODE = YES;
				CLANG_WARN__DUPLICATE_METHOD_MATCH = YES;
				COPY_PHASE_STRIP = NO;
				DEBUG_INFORMATION_FORMAT = dwarf;
				ENABLE_STRICT_OBJC_MSGSEND = YES;
				ENABLE_TESTABILITY = YES;
				GCC_C_LANGUAGE_STANDARD = gnu11;
				GCC_DYNAMIC_NO_PIC = NO;
				GCC_NO_COMMON_BLOCKS = YES;
				GCC_OPTIMIZATION_LEVEL = 0;
				GCC_PREPROCESSOR_DEFINITIONS = (
					"DEBUG=1",
					"$(inherited)",
				);
				GCC_WARN_64_TO_32_BIT_CONVERSION = YES;
				GCC_WARN_ABOUT_RETURN_TYPE = YES_ERROR;
				GCC_WARN_UNDECLARED_SELECTOR = YES;
				GCC_WARN_UNINITIALIZED_AUTOS = YES_AGGRESSIVE;
				GCC_WARN_UNUSED_FUNCTION = YES;
				GCC_WARN_UNUSED_VARIABLE = YES;
				IPHONEOS_DEPLOYMENT_TARGET = 15.2;
				MTL_ENABLE_DEBUG_INFO = INCLUDE_SOURCE;
				MTL_FAST_MATH = YES;
				ONLY_ACTIVE_ARCH = YES;
				SDKROOT = iphoneos;
				SWIFT_ACTIVE_COMPILATION_CONDITIONS = DEBUG;
				SWIFT_OPTIMIZATION_LEVEL = "-Onone";
			};
			name = Debug;
		};
		04991105280794650050FABB /* Release */ = {
			isa = XCBuildConfiguration;
			buildSettings = {
				ALWAYS_SEARCH_USER_PATHS = NO;
				CLANG_ANALYZER_NONNULL = YES;
				CLANG_ANALYZER_NUMBER_OBJECT_CONVERSION = YES_AGGRESSIVE;
				CLANG_CXX_LANGUAGE_STANDARD = "gnu++17";
				CLANG_CXX_LIBRARY = "libc++";
				CLANG_ENABLE_MODULES = YES;
				CLANG_ENABLE_OBJC_ARC = YES;
				CLANG_ENABLE_OBJC_WEAK = YES;
				CLANG_WARN_BLOCK_CAPTURE_AUTORELEASING = YES;
				CLANG_WARN_BOOL_CONVERSION = YES;
				CLANG_WARN_COMMA = YES;
				CLANG_WARN_CONSTANT_CONVERSION = YES;
				CLANG_WARN_DEPRECATED_OBJC_IMPLEMENTATIONS = YES;
				CLANG_WARN_DIRECT_OBJC_ISA_USAGE = YES_ERROR;
				CLANG_WARN_DOCUMENTATION_COMMENTS = YES;
				CLANG_WARN_EMPTY_BODY = YES;
				CLANG_WARN_ENUM_CONVERSION = YES;
				CLANG_WARN_INFINITE_RECURSION = YES;
				CLANG_WARN_INT_CONVERSION = YES;
				CLANG_WARN_NON_LITERAL_NULL_CONVERSION = YES;
				CLANG_WARN_OBJC_IMPLICIT_RETAIN_SELF = YES;
				CLANG_WARN_OBJC_LITERAL_CONVERSION = YES;
				CLANG_WARN_OBJC_ROOT_CLASS = YES_ERROR;
				CLANG_WARN_QUOTED_INCLUDE_IN_FRAMEWORK_HEADER = YES;
				CLANG_WARN_RANGE_LOOP_ANALYSIS = YES;
				CLANG_WARN_STRICT_PROTOTYPES = YES;
				CLANG_WARN_SUSPICIOUS_MOVE = YES;
				CLANG_WARN_UNGUARDED_AVAILABILITY = YES_AGGRESSIVE;
				CLANG_WARN_UNREACHABLE_CODE = YES;
				CLANG_WARN__DUPLICATE_METHOD_MATCH = YES;
				COPY_PHASE_STRIP = NO;
				DEBUG_INFORMATION_FORMAT = "dwarf-with-dsym";
				ENABLE_NS_ASSERTIONS = NO;
				ENABLE_STRICT_OBJC_MSGSEND = YES;
				GCC_C_LANGUAGE_STANDARD = gnu11;
				GCC_NO_COMMON_BLOCKS = YES;
				GCC_WARN_64_TO_32_BIT_CONVERSION = YES;
				GCC_WARN_ABOUT_RETURN_TYPE = YES_ERROR;
				GCC_WARN_UNDECLARED_SELECTOR = YES;
				GCC_WARN_UNINITIALIZED_AUTOS = YES_AGGRESSIVE;
				GCC_WARN_UNUSED_FUNCTION = YES;
				GCC_WARN_UNUSED_VARIABLE = YES;
				IPHONEOS_DEPLOYMENT_TARGET = 15.2;
				MTL_ENABLE_DEBUG_INFO = NO;
				MTL_FAST_MATH = YES;
				SDKROOT = iphoneos;
				SWIFT_COMPILATION_MODE = wholemodule;
				SWIFT_OPTIMIZATION_LEVEL = "-O";
				VALIDATE_PRODUCT = YES;
			};
			name = Release;
		};
		04991107280794650050FABB /* Debug */ = {
			isa = XCBuildConfiguration;
			buildSettings = {
				ASSETCATALOG_COMPILER_APPICON_NAME = AppIcon;
				ASSETCATALOG_COMPILER_GLOBAL_ACCENT_COLOR_NAME = AccentColor;
				CODE_SIGN_STYLE = Automatic;
				CURRENT_PROJECT_VERSION = 1;
				GENERATE_INFOPLIST_FILE = YES;
				INFOPLIST_FILE = FinalProject/Info.plist;
				INFOPLIST_KEY_UIApplicationSupportsIndirectInputEvents = YES;
				INFOPLIST_KEY_UILaunchStoryboardName = LaunchScreen;
				INFOPLIST_KEY_UIMainStoryboardFile = Main;
				INFOPLIST_KEY_UISupportedInterfaceOrientations_iPad = "UIInterfaceOrientationPortrait UIInterfaceOrientationPortraitUpsideDown UIInterfaceOrientationLandscapeLeft UIInterfaceOrientationLandscapeRight";
				INFOPLIST_KEY_UISupportedInterfaceOrientations_iPhone = "UIInterfaceOrientationPortrait UIInterfaceOrientationLandscapeLeft UIInterfaceOrientationLandscapeRight";
				LD_RUNPATH_SEARCH_PATHS = (
					"$(inherited)",
					"@executable_path/Frameworks",
				);
				MARKETING_VERSION = 1.0;
				PRODUCT_BUNDLE_IDENTIFIER = LukePhilipps.FinalProject;
				PRODUCT_NAME = "$(TARGET_NAME)";
				SWIFT_EMIT_LOC_STRINGS = YES;
				SWIFT_VERSION = 5.0;
				TARGETED_DEVICE_FAMILY = "1,2";
			};
			name = Debug;
		};
		04991108280794650050FABB /* Release */ = {
			isa = XCBuildConfiguration;
			buildSettings = {
				ASSETCATALOG_COMPILER_APPICON_NAME = AppIcon;
				ASSETCATALOG_COMPILER_GLOBAL_ACCENT_COLOR_NAME = AccentColor;
				CODE_SIGN_STYLE = Automatic;
				CURRENT_PROJECT_VERSION = 1;
				GENERATE_INFOPLIST_FILE = YES;
				INFOPLIST_FILE = FinalProject/Info.plist;
				INFOPLIST_KEY_UIApplicationSupportsIndirectInputEvents = YES;
				INFOPLIST_KEY_UILaunchStoryboardName = LaunchScreen;
				INFOPLIST_KEY_UIMainStoryboardFile = Main;
				INFOPLIST_KEY_UISupportedInterfaceOrientations_iPad = "UIInterfaceOrientationPortrait UIInterfaceOrientationPortraitUpsideDown UIInterfaceOrientationLandscapeLeft UIInterfaceOrientationLandscapeRight";
				INFOPLIST_KEY_UISupportedInterfaceOrientations_iPhone = "UIInterfaceOrientationPortrait UIInterfaceOrientationLandscapeLeft UIInterfaceOrientationLandscapeRight";
				LD_RUNPATH_SEARCH_PATHS = (
					"$(inherited)",
					"@executable_path/Frameworks",
				);
				MARKETING_VERSION = 1.0;
				PRODUCT_BUNDLE_IDENTIFIER = LukePhilipps.FinalProject;
				PRODUCT_NAME = "$(TARGET_NAME)";
				SWIFT_EMIT_LOC_STRINGS = YES;
				SWIFT_VERSION = 5.0;
				TARGETED_DEVICE_FAMILY = "1,2";
			};
			name = Release;
		};
/* End XCBuildConfiguration section */

/* Begin XCConfigurationList section */
		049910ED280794640050FABB /* Build configuration list for PBXProject "FinalProject" */ = {
			isa = XCConfigurationList;
			buildConfigurations = (
				04991104280794650050FABB /* Debug */,
				04991105280794650050FABB /* Release */,
			);
			defaultConfigurationIsVisible = 0;
			defaultConfigurationName = Release;
		};
		04991106280794650050FABB /* Build configuration list for PBXNativeTarget "FinalProject" */ = {
			isa = XCConfigurationList;
			buildConfigurations = (
				04991107280794650050FABB /* Debug */,
				04991108280794650050FABB /* Release */,
			);
			defaultConfigurationIsVisible = 0;
			defaultConfigurationName = Release;
		};
/* End XCConfigurationList section */
	};
	rootObject = 049910EA280794640050FABB /* Project object */;
}
